
Microsoft Visual Studio Solution File, Format Version 12.00
# Visual Studio Version 17
VisualStudioVersion = 17.14.36310.24
MinimumVisualStudioVersion = 10.0.40219.1
Project("{FAE04EC0-301F-11D3-BF4B-00C04F79EFBC}") = "01_MainSubjects", "01_MainSubjects\01_MainSubjects.csproj", "{FEB17F84-0983-4F48-9D10-D63EE2E88E2E}"
EndProject
Project("{FAE04EC0-301F-11D3-BF4B-00C04F79EFBC}") = "02_Variables", "02_Variables\02_Variables.csproj", "{206A542A-9AA8-46D1-89C0-75D6736789FA}"
EndProject
Project("{FAE04EC0-301F-11D3-BF4B-00C04F79EFBC}") = "03_MakingDesicion", "03_MakingDesicion\03_MakingDesicion.csproj", "{79BFBAC3-BF09-4C13-845D-31024DE68DA6}"
EndProject
Project("{FAE04EC0-301F-11D3-BF4B-00C04F79EFBC}") = "04_Loops", "04_Loops\04_Loops.csproj", "{EE3363E3-3490-4D48-A390-1CE1A434BB71}"
EndProject
Project("{FAE04EC0-301F-11D3-BF4B-00C04F79EFBC}") = "05_LoopsWithStars", "05_LoopsWithStars\05_LoopsWithStars.csproj", "{85BCD44B-BEE4-4C56-A2D4-B3C4EBB5209C}"
EndProject
Project("{FAE04EC0-301F-11D3-BF4B-00C04F79EFBC}") = "06_Arrays", "06_Arrays\06_Arrays.csproj", "{F715C096-CE1F-41F2-8483-BC019A95027F}"
EndProject
Project("{FAE04EC0-301F-11D3-BF4B-00C04F79EFBC}") = "07_ForeachLoop", "07_ForeachLoop\07_ForeachLoop.csproj", "{0C368252-3C3B-4E29-A90C-9CF25DD30461}"
EndProject
Project("{FAE04EC0-301F-11D3-BF4B-00C04F79EFBC}") = "08_Methods", "08_Methods\08_Methods.csproj", "{B824CD2B-80BE-498A-B46A-FCCA1A35CAA6}"
EndProject
Project("{FAE04EC0-301F-11D3-BF4B-00C04F79EFBC}") = "09_DatabaseProject", "09_DatabaseProject\09_DatabaseProject.csproj", "{8C8855C8-70B1-46DE-BF45-AF7CD8BCAF9F}"
EndProject
Project("{FAE04EC0-301F-11D3-BF4B-00C04F79EFBC}") = "10_DatabaseCrud", "10_DatabaseCrud\10_DatabaseCrud.csproj", "{5BDF4C52-DDF3-4A0F-8385-86BAAB309208}"
EndProject
Global
	GlobalSection(SolutionConfigurationPlatforms) = preSolution
		Debug|Any CPU = Debug|Any CPU
		Release|Any CPU = Release|Any CPU
	EndGlobalSection
	GlobalSection(ProjectConfigurationPlatforms) = postSolution
		{FEB17F84-0983-4F48-9D10-D63EE2E88E2E}.Debug|Any CPU.ActiveCfg = Debug|Any CPU
		{FEB17F84-0983-4F48-9D10-D63EE2E88E2E}.Debug|Any CPU.Build.0 = Debug|Any CPU
		{FEB17F84-0983-4F48-9D10-D63EE2E88E2E}.Release|Any CPU.ActiveCfg = Release|Any CPU
		{FEB17F84-0983-4F48-9D10-D63EE2E88E2E}.Release|Any CPU.Build.0 = Release|Any CPU
		{206A542A-9AA8-46D1-89C0-75D6736789FA}.Debug|Any CPU.ActiveCfg = Debug|Any CPU
		{206A542A-9AA8-46D1-89C0-75D6736789FA}.Debug|Any CPU.Build.0 = Debug|Any CPU
		{206A542A-9AA8-46D1-89C0-75D6736789FA}.Release|Any CPU.ActiveCfg = Release|Any CPU
		{206A542A-9AA8-46D1-89C0-75D6736789FA}.Release|Any CPU.Build.0 = Release|Any CPU
		{79BFBAC3-BF09-4C13-845D-31024DE68DA6}.Debug|Any CPU.ActiveCfg = Debug|Any CPU
		{79BFBAC3-BF09-4C13-845D-31024DE68DA6}.Debug|Any CPU.Build.0 = Debug|Any CPU
		{79BFBAC3-BF09-4C13-845D-31024DE68DA6}.Release|Any CPU.ActiveCfg = Release|Any CPU
		{79BFBAC3-BF09-4C13-845D-31024DE68DA6}.Release|Any CPU.Build.0 = Release|Any CPU
		{EE3363E3-3490-4D48-A390-1CE1A434BB71}.Debug|Any CPU.ActiveCfg = Debug|Any CPU
		{EE3363E3-3490-4D48-A390-1CE1A434BB71}.Debug|Any CPU.Build.0 = Debug|Any CPU
		{EE3363E3-3490-4D48-A390-1CE1A434BB71}.Release|Any CPU.ActiveCfg = Release|Any CPU
		{EE3363E3-3490-4D48-A390-1CE1A434BB71}.Release|Any CPU.Build.0 = Release|Any CPU
		{85BCD44B-BEE4-4C56-A2D4-B3C4EBB5209C}.Debug|Any CPU.ActiveCfg = Debug|Any CPU
		{85BCD44B-BEE4-4C56-A2D4-B3C4EBB5209C}.Debug|Any CPU.Build.0 = Debug|Any CPU
		{85BCD44B-BEE4-4C56-A2D4-B3C4EBB5209C}.Release|Any CPU.ActiveCfg = Release|Any CPU
		{85BCD44B-BEE4-4C56-A2D4-B3C4EBB5209C}.Release|Any CPU.Build.0 = Release|Any CPU
		{F715C096-CE1F-41F2-8483-BC019A95027F}.Debug|Any CPU.ActiveCfg = Debug|Any CPU
		{F715C096-CE1F-41F2-8483-BC019A95027F}.Debug|Any CPU.Build.0 = Debug|Any CPU
		{F715C096-CE1F-41F2-8483-BC019A95027F}.Release|Any CPU.ActiveCfg = Release|Any CPU
		{F715C096-CE1F-41F2-8483-BC019A95027F}.Release|Any CPU.Build.0 = Release|Any CPU
		{0C368252-3C3B-4E29-A90C-9CF25DD30461}.Debug|Any CPU.ActiveCfg = Debug|Any CPU
		{0C368252-3C3B-4E29-A90C-9CF25DD30461}.Debug|Any CPU.Build.0 = Debug|Any CPU
		{0C368252-3C3B-4E29-A90C-9CF25DD30461}.Release|Any CPU.ActiveCfg = Release|Any CPU
		{0C368252-3C3B-4E29-A90C-9CF25DD30461}.Release|Any CPU.Build.0 = Release|Any CPU
		{B824CD2B-80BE-498A-B46A-FCCA1A35CAA6}.Debug|Any CPU.ActiveCfg = Debug|Any CPU
		{B824CD2B-80BE-498A-B46A-FCCA1A35CAA6}.Debug|Any CPU.Build.0 = Debug|Any CPU
		{B824CD2B-80BE-498A-B46A-FCCA1A35CAA6}.Release|Any CPU.ActiveCfg = Release|Any CPU
		{B824CD2B-80BE-498A-B46A-FCCA1A35CAA6}.Release|Any CPU.Build.0 = Release|Any CPU
		{8C8855C8-70B1-46DE-BF45-AF7CD8BCAF9F}.Debug|Any CPU.ActiveCfg = Debug|Any CPU
		{8C8855C8-70B1-46DE-BF45-AF7CD8BCAF9F}.Debug|Any CPU.Build.0 = Debug|Any CPU
		{8C8855C8-70B1-46DE-BF45-AF7CD8BCAF9F}.Release|Any CPU.ActiveCfg = Release|Any CPU
		{8C8855C8-70B1-46DE-BF45-AF7CD8BCAF9F}.Release|Any CPU.Build.0 = Release|Any CPU
		{5BDF4C52-DDF3-4A0F-8385-86BAAB309208}.Debug|Any CPU.ActiveCfg = Debug|Any CPU
		{5BDF4C52-DDF3-4A0F-8385-86BAAB309208}.Debug|Any CPU.Build.0 = Debug|Any CPU
		{5BDF4C52-DDF3-4A0F-8385-86BAAB309208}.Release|Any CPU.ActiveCfg = Release|Any CPU
		{5BDF4C52-DDF3-4A0F-8385-86BAAB309208}.Release|Any CPU.Build.0 = Release|Any CPU
	EndGlobalSection
	GlobalSection(SolutionProperties) = preSolution
		HideSolutionNode = FALSE
	EndGlobalSection
	GlobalSection(ExtensibilityGlobals) = postSolution
		SolutionGuid = {02758657-1B8F-4286-99FF-20B99ACDC5A7}
	EndGlobalSection
EndGlobal
